// !$*UTF8*$!
{
	archiveVersion = 1;
	classes = {
	};
	objectVersion = 55;
	objects = {

/* Begin PBXBuildFile section */
		5D5545A028D5FE6C00BB1C82 /* AppDelegate.swift in Sources */ = {isa = PBXBuildFile; fileRef = 5D55459F28D5FE6C00BB1C82 /* AppDelegate.swift */; };
		5D5545A228D5FE6C00BB1C82 /* SceneDelegate.swift in Sources */ = {isa = PBXBuildFile; fileRef = 5D5545A128D5FE6C00BB1C82 /* SceneDelegate.swift */; };
		5D5545A928D5FE6E00BB1C82 /* Assets.xcassets in Resources */ = {isa = PBXBuildFile; fileRef = 5D5545A828D5FE6E00BB1C82 /* Assets.xcassets */; };
		5D5545AC28D5FE6E00BB1C82 /* LaunchScreen.storyboard in Resources */ = {isa = PBXBuildFile; fileRef = 5D5545AA28D5FE6E00BB1C82 /* LaunchScreen.storyboard */; };
		5D5545B828D5FF2600BB1C82 /* MainViewController.xib in Resources */ = {isa = PBXBuildFile; fileRef = 5D5545B728D5FF2600BB1C82 /* MainViewController.xib */; };
		5D5545BB28D5FF5300BB1C82 /* MainViewController.swift in Sources */ = {isa = PBXBuildFile; fileRef = 5D5545BA28D5FF5300BB1C82 /* MainViewController.swift */; };
		5D5545BD28D5FF6C00BB1C82 /* MainViewControllerCell.xib in Resources */ = {isa = PBXBuildFile; fileRef = 5D5545BC28D5FF6C00BB1C82 /* MainViewControllerCell.xib */; };
		5D5545BF28D5FF8100BB1C82 /* MainViewControllerCell.swift in Sources */ = {isa = PBXBuildFile; fileRef = 5D5545BE28D5FF8100BB1C82 /* MainViewControllerCell.swift */; };
		5D5545C128D5FF9900BB1C82 /* Presenter.swift in Sources */ = {isa = PBXBuildFile; fileRef = 5D5545C028D5FF9900BB1C82 /* Presenter.swift */; };
		5D5545C328D5FFC800BB1C82 /* DetailViewController.swift in Sources */ = {isa = PBXBuildFile; fileRef = 5D5545C228D5FFC800BB1C82 /* DetailViewController.swift */; };
		5D5545C528D5FFDB00BB1C82 /* DetailViewController.xib in Resources */ = {isa = PBXBuildFile; fileRef = 5D5545C428D5FFDB00BB1C82 /* DetailViewController.xib */; };
		5D5545C928D6053100BB1C82 /* Constants.swift in Sources */ = {isa = PBXBuildFile; fileRef = 5D5545C828D6053100BB1C82 /* Constants.swift */; };
		5D5545CB28D6061300BB1C82 /* Pokemon.swift in Sources */ = {isa = PBXBuildFile; fileRef = 5D5545CA28D6061300BB1C82 /* Pokemon.swift */; };
		5D5545CD28D607FA00BB1C82 /* PokemonAPIClients.swift in Sources */ = {isa = PBXBuildFile; fileRef = 5D5545CC28D607FA00BB1C82 /* PokemonAPIClients.swift */; };
/* End PBXBuildFile section */

/* Begin PBXFileReference section */
		5D55459C28D5FE6C00BB1C82 /* MyPokemonMVP.app */ = {isa = PBXFileReference; explicitFileType = wrapper.application; includeInIndex = 0; path = MyPokemonMVP.app; sourceTree = BUILT_PRODUCTS_DIR; };
		5D55459F28D5FE6C00BB1C82 /* AppDelegate.swift */ = {isa = PBXFileReference; lastKnownFileType = sourcecode.swift; path = AppDelegate.swift; sourceTree = "<group>"; };
		5D5545A128D5FE6C00BB1C82 /* SceneDelegate.swift */ = {isa = PBXFileReference; lastKnownFileType = sourcecode.swift; path = SceneDelegate.swift; sourceTree = "<group>"; };
		5D5545A828D5FE6E00BB1C82 /* Assets.xcassets */ = {isa = PBXFileReference; lastKnownFileType = folder.assetcatalog; path = Assets.xcassets; sourceTree = "<group>"; };
		5D5545AB28D5FE6E00BB1C82 /* Base */ = {isa = PBXFileReference; lastKnownFileType = file.storyboard; name = Base; path = Base.lproj/LaunchScreen.storyboard; sourceTree = "<group>"; };
		5D5545AD28D5FE6E00BB1C82 /* Info.plist */ = {isa = PBXFileReference; lastKnownFileType = text.plist.xml; path = Info.plist; sourceTree = "<group>"; };
		5D5545B728D5FF2600BB1C82 /* MainViewController.xib */ = {isa = PBXFileReference; lastKnownFileType = file.xib; path = MainViewController.xib; sourceTree = "<group>"; };
		5D5545BA28D5FF5300BB1C82 /* MainViewController.swift */ = {isa = PBXFileReference; lastKnownFileType = sourcecode.swift; path = MainViewController.swift; sourceTree = "<group>"; };
		5D5545BC28D5FF6C00BB1C82 /* MainViewControllerCell.xib */ = {isa = PBXFileReference; lastKnownFileType = file.xib; path = MainViewControllerCell.xib; sourceTree = "<group>"; };
		5D5545BE28D5FF8100BB1C82 /* MainViewControllerCell.swift */ = {isa = PBXFileReference; lastKnownFileType = sourcecode.swift; path = MainViewControllerCell.swift; sourceTree = "<group>"; };
		5D5545C028D5FF9900BB1C82 /* Presenter.swift */ = {isa = PBXFileReference; lastKnownFileType = sourcecode.swift; path = Presenter.swift; sourceTree = "<group>"; };
		5D5545C228D5FFC800BB1C82 /* DetailViewController.swift */ = {isa = PBXFileReference; lastKnownFileType = sourcecode.swift; path = DetailViewController.swift; sourceTree = "<group>"; };
		5D5545C428D5FFDB00BB1C82 /* DetailViewController.xib */ = {isa = PBXFileReference; lastKnownFileType = file.xib; path = DetailViewController.xib; sourceTree = "<group>"; };
		5D5545C828D6053100BB1C82 /* Constants.swift */ = {isa = PBXFileReference; lastKnownFileType = sourcecode.swift; path = Constants.swift; sourceTree = "<group>"; };
		5D5545CA28D6061300BB1C82 /* Pokemon.swift */ = {isa = PBXFileReference; lastKnownFileType = sourcecode.swift; path = Pokemon.swift; sourceTree = "<group>"; };
		5D5545CC28D607FA00BB1C82 /* PokemonAPIClients.swift */ = {isa = PBXFileReference; lastKnownFileType = sourcecode.swift; path = PokemonAPIClients.swift; sourceTree = "<group>"; };
/* End PBXFileReference section */

/* Begin PBXFrameworksBuildPhase section */
		5D55459928D5FE6C00BB1C82 /* Frameworks */ = {
			isa = PBXFrameworksBuildPhase;
			buildActionMask = 2147483647;
			files = (
			);
			runOnlyForDeploymentPostprocessing = 0;
		};
/* End PBXFrameworksBuildPhase section */

/* Begin PBXGroup section */
		5D55459328D5FE6C00BB1C82 = {
			isa = PBXGroup;
			children = (
				5D55459E28D5FE6C00BB1C82 /* MyPokemonMVP */,
				5D55459D28D5FE6C00BB1C82 /* Products */,
			);
			sourceTree = "<group>";
		};
		5D55459D28D5FE6C00BB1C82 /* Products */ = {
			isa = PBXGroup;
			children = (
				5D55459C28D5FE6C00BB1C82 /* MyPokemonMVP.app */,
			);
			name = Products;
			sourceTree = "<group>";
		};
		5D55459E28D5FE6C00BB1C82 /* MyPokemonMVP */ = {
			isa = PBXGroup;
			children = (
				5D5545C728D6050F00BB1C82 /* Constants */,
				5D5545C628D6050600BB1C82 /* API */,
				5D5545B428D5FEA200BB1C82 /* Module */,
				5D5545B328D5FE9000BB1C82 /* Model */,
				5D55459F28D5FE6C00BB1C82 /* AppDelegate.swift */,
				5D5545A128D5FE6C00BB1C82 /* SceneDelegate.swift */,
				5D5545A828D5FE6E00BB1C82 /* Assets.xcassets */,
				5D5545AA28D5FE6E00BB1C82 /* LaunchScreen.storyboard */,
				5D5545AD28D5FE6E00BB1C82 /* Info.plist */,
			);
			path = MyPokemonMVP;
			sourceTree = "<group>";
		};
		5D5545B328D5FE9000BB1C82 /* Model */ = {
			isa = PBXGroup;
			children = (
				5D5545CA28D6061300BB1C82 /* Pokemon.swift */,
			);
			path = Model;
			sourceTree = "<group>";
		};
		5D5545B428D5FEA200BB1C82 /* Module */ = {
			isa = PBXGroup;
			children = (
				5D5545B628D5FEE000BB1C82 /* DetailView */,
				5D5545B528D5FEB600BB1C82 /* MainView */,
			);
			path = Module;
			sourceTree = "<group>";
		};
		5D5545B528D5FEB600BB1C82 /* MainView */ = {
			isa = PBXGroup;
			children = (
				5D5545C028D5FF9900BB1C82 /* Presenter.swift */,
				5D5545B928D5FF2F00BB1C82 /* Cell */,
				5D5545B728D5FF2600BB1C82 /* MainViewController.xib */,
				5D5545BA28D5FF5300BB1C82 /* MainViewController.swift */,
			);
			path = MainView;
			sourceTree = "<group>";
		};
		5D5545B628D5FEE000BB1C82 /* DetailView */ = {
			isa = PBXGroup;
			children = (
				5D5545C228D5FFC800BB1C82 /* DetailViewController.swift */,
				5D5545C428D5FFDB00BB1C82 /* DetailViewController.xib */,
			);
			path = DetailView;
			sourceTree = "<group>";
		};
		5D5545B928D5FF2F00BB1C82 /* Cell */ = {
			isa = PBXGroup;
			children = (
				5D5545BC28D5FF6C00BB1C82 /* MainViewControllerCell.xib */,
				5D5545BE28D5FF8100BB1C82 /* MainViewControllerCell.swift */,
			);
			path = Cell;
			sourceTree = "<group>";
		};
		5D5545C628D6050600BB1C82 /* API */ = {
			isa = PBXGroup;
			children = (
				5D5545CC28D607FA00BB1C82 /* PokemonAPIClients.swift */,
			);
			path = API;
			sourceTree = "<group>";
		};
		5D5545C728D6050F00BB1C82 /* Constants */ = {
			isa = PBXGroup;
			children = (
				5D5545C828D6053100BB1C82 /* Constants.swift */,
			);
			path = Constants;
			sourceTree = "<group>";
		};
/* End PBXGroup section */

/* Begin PBXNativeTarget section */
		5D55459B28D5FE6C00BB1C82 /* MyPokemonMVP */ = {
			isa = PBXNativeTarget;
			buildConfigurationList = 5D5545B028D5FE6E00BB1C82 /* Build configuration list for PBXNativeTarget "MyPokemonMVP" */;
			buildPhases = (
				5D55459828D5FE6C00BB1C82 /* Sources */,
				5D55459928D5FE6C00BB1C82 /* Frameworks */,
				5D55459A28D5FE6C00BB1C82 /* Resources */,
			);
			buildRules = (
			);
			dependencies = (
			);
			name = MyPokemonMVP;
			productName = MyPokemonMVP;
			productReference = 5D55459C28D5FE6C00BB1C82 /* MyPokemonMVP.app */;
			productType = "com.apple.product-type.application";
		};
/* End PBXNativeTarget section */

/* Begin PBXProject section */
		5D55459428D5FE6C00BB1C82 /* Project object */ = {
			isa = PBXProject;
			attributes = {
				BuildIndependentTargetsInParallel = 1;
				LastSwiftUpdateCheck = 1340;
				LastUpgradeCheck = 1340;
				TargetAttributes = {
					5D55459B28D5FE6C00BB1C82 = {
						CreatedOnToolsVersion = 13.4.1;
					};
				};
			};
			buildConfigurationList = 5D55459728D5FE6C00BB1C82 /* Build configuration list for PBXProject "MyPokemonMVP" */;
			compatibilityVersion = "Xcode 13.0";
			developmentRegion = en;
			hasScannedForEncodings = 0;
			knownRegions = (
				en,
				Base,
			);
			mainGroup = 5D55459328D5FE6C00BB1C82;
			productRefGroup = 5D55459D28D5FE6C00BB1C82 /* Products */;
			projectDirPath = "";
			projectRoot = "";
			targets = (
				5D55459B28D5FE6C00BB1C82 /* MyPokemonMVP */,
			);
		};
/* End PBXProject section */

/* Begin PBXResourcesBuildPhase section */
		5D55459A28D5FE6C00BB1C82 /* Resources */ = {
			isa = PBXResourcesBuildPhase;
			buildActionMask = 2147483647;
			files = (
				5D5545AC28D5FE6E00BB1C82 /* LaunchScreen.storyboard in Resources */,
				5D5545B828D5FF2600BB1C82 /* MainViewController.xib in Resources */,
				5D5545C528D5FFDB00BB1C82 /* DetailViewController.xib in Resources */,
				5D5545A928D5FE6E00BB1C82 /* Assets.xcassets in Resources */,
				5D5545BD28D5FF6C00BB1C82 /* MainViewControllerCell.xib in Resources */,
			);
			runOnlyForDeploymentPostprocessing = 0;
		};
/* End PBXResourcesBuildPhase section */

/* Begin PBXSourcesBuildPhase section */
		5D55459828D5FE6C00BB1C82 /* Sources */ = {
			isa = PBXSourcesBuildPhase;
			buildActionMask = 2147483647;
			files = (
				5D5545BB28D5FF5300BB1C82 /* MainViewController.swift in Sources */,
				5D5545CB28D6061300BB1C82 /* Pokemon.swift in Sources */,
				5D5545CD28D607FA00BB1C82 /* PokemonAPIClients.swift in Sources */,
				5D5545A028D5FE6C00BB1C82 /* AppDelegate.swift in Sources */,
				5D5545A228D5FE6C00BB1C82 /* SceneDelegate.swift in Sources */,
				5D5545C328D5FFC800BB1C82 /* DetailViewController.swift in Sources */,
				5D5545C928D6053100BB1C82 /* Constants.swift in Sources */,
				5D5545BF28D5FF8100BB1C82 /* MainViewControllerCell.swift in Sources */,
				5D5545C128D5FF9900BB1C82 /* Presenter.swift in Sources */,
			);
			runOnlyForDeploymentPostprocessing = 0;
		};
/* End PBXSourcesBuildPhase section */

/* Begin PBXVariantGroup section */
		5D5545AA28D5FE6E00BB1C82 /* LaunchScreen.storyboard */ = {
			isa = PBXVariantGroup;
			children = (
				5D5545AB28D5FE6E00BB1C82 /* Base */,
			);
			name = LaunchScreen.storyboard;
			sourceTree = "<group>";
		};
/* End PBXVariantGroup section */

/* Begin XCBuildConfiguration section */
		5D5545AE28D5FE6E00BB1C82 /* Debug */ = {
			isa = XCBuildConfiguration;
			buildSettings = {
				ALWAYS_SEARCH_USER_PATHS = NO;
				CLANG_ANALYZER_NONNULL = YES;
				CLANG_ANALYZER_NUMBER_OBJECT_CONVERSION = YES_AGGRESSIVE;
				CLANG_CXX_LANGUAGE_STANDARD = "gnu++17";
				CLANG_ENABLE_MODULES = YES;
				CLANG_ENABLE_OBJC_ARC = YES;
				CLANG_ENABLE_OBJC_WEAK = YES;
				CLANG_WARN_BLOCK_CAPTURE_AUTORELEASING = YES;
				CLANG_WARN_BOOL_CONVERSION = YES;
				CLANG_WARN_COMMA = YES;
				CLANG_WARN_CONSTANT_CONVERSION = YES;
				CLANG_WARN_DEPRECATED_OBJC_IMPLEMENTATIONS = YES;
				CLANG_WARN_DIRECT_OBJC_ISA_USAGE = YES_ERROR;
				CLANG_WARN_DOCUMENTATION_COMMENTS = YES;
				CLANG_WARN_EMPTY_BODY = YES;
				CLANG_WARN_ENUM_CONVERSION = YES;
				CLANG_WARN_INFINITE_RECURSION = YES;
				CLANG_WARN_INT_CONVERSION = YES;
				CLANG_WARN_NON_LITERAL_NULL_CONVERSION = YES;
				CLANG_WARN_OBJC_IMPLICIT_RETAIN_SELF = YES;
				CLANG_WARN_OBJC_LITERAL_CONVERSION = YES;
				CLANG_WARN_OBJC_ROOT_CLASS = YES_ERROR;
				CLANG_WARN_QUOTED_INCLUDE_IN_FRAMEWORK_HEADER = YES;
				CLANG_WARN_RANGE_LOOP_ANALYSIS = YES;
				CLANG_WARN_STRICT_PROTOTYPES = YES;
				CLANG_WARN_SUSPICIOUS_MOVE = YES;
				CLANG_WARN_UNGUARDED_AVAILABILITY = YES_AGGRESSIVE;
				CLANG_WARN_UNREACHABLE_CODE = YES;
				CLANG_WARN__DUPLICATE_METHOD_MATCH = YES;
				COPY_PHASE_STRIP = NO;
				DEBUG_INFORMATION_FORMAT = dwarf;
				ENABLE_STRICT_OBJC_MSGSEND = YES;
				ENABLE_TESTABILITY = YES;
				GCC_C_LANGUAGE_STANDARD = gnu11;
				GCC_DYNAMIC_NO_PIC = NO;
				GCC_NO_COMMON_BLOCKS = YES;
				GCC_OPTIMIZATION_LEVEL = 0;
				GCC_PREPROCESSOR_DEFINITIONS = (
					"DEBUG=1",
					"$(inherited)",
				);
				GCC_WARN_64_TO_32_BIT_CONVERSION = YES;
				GCC_WARN_ABOUT_RETURN_TYPE = YES_ERROR;
				GCC_WARN_UNDECLARED_SELECTOR = YES;
				GCC_WARN_UNINITIALIZED_AUTOS = YES_AGGRESSIVE;
				GCC_WARN_UNUSED_FUNCTION = YES;
				GCC_WARN_UNUSED_VARIABLE = YES;
				IPHONEOS_DEPLOYMENT_TARGET = 15.5;
				MTL_ENABLE_DEBUG_INFO = INCLUDE_SOURCE;
				MTL_FAST_MATH = YES;
				ONLY_ACTIVE_ARCH = YES;
				SDKROOT = iphoneos;
				SWIFT_ACTIVE_COMPILATION_CONDITIONS = DEBUG;
				SWIFT_OPTIMIZATION_LEVEL = "-Onone";
			};
			name = Debug;
		};
		5D5545AF28D5FE6E00BB1C82 /* Release */ = {
			isa = XCBuildConfiguration;
			buildSettings = {
				ALWAYS_SEARCH_USER_PATHS = NO;
				CLANG_ANALYZER_NONNULL = YES;
				CLANG_ANALYZER_NUMBER_OBJECT_CONVERSION = YES_AGGRESSIVE;
				CLANG_CXX_LANGUAGE_STANDARD = "gnu++17";
				CLANG_ENABLE_MODULES = YES;
				CLANG_ENABLE_OBJC_ARC = YES;
				CLANG_ENABLE_OBJC_WEAK = YES;
				CLANG_WARN_BLOCK_CAPTURE_AUTORELEASING = YES;
				CLANG_WARN_BOOL_CONVERSION = YES;
				CLANG_WARN_COMMA = YES;
				CLANG_WARN_CONSTANT_CONVERSION = YES;
				CLANG_WARN_DEPRECATED_OBJC_IMPLEMENTATIONS = YES;
				CLANG_WARN_DIRECT_OBJC_ISA_USAGE = YES_ERROR;
				CLANG_WARN_DOCUMENTATION_COMMENTS = YES;
				CLANG_WARN_EMPTY_BODY = YES;
				CLANG_WARN_ENUM_CONVERSION = YES;
				CLANG_WARN_INFINITE_RECURSION = YES;
				CLANG_WARN_INT_CONVERSION = YES;
				CLANG_WARN_NON_LITERAL_NULL_CONVERSION = YES;
				CLANG_WARN_OBJC_IMPLICIT_RETAIN_SELF = YES;
				CLANG_WARN_OBJC_LITERAL_CONVERSION = YES;
				CLANG_WARN_OBJC_ROOT_CLASS = YES_ERROR;
				CLANG_WARN_QUOTED_INCLUDE_IN_FRAMEWORK_HEADER = YES;
				CLANG_WARN_RANGE_LOOP_ANALYSIS = YES;
				CLANG_WARN_STRICT_PROTOTYPES = YES;
				CLANG_WARN_SUSPICIOUS_MOVE = YES;
				CLANG_WARN_UNGUARDED_AVAILABILITY = YES_AGGRESSIVE;
				CLANG_WARN_UNREACHABLE_CODE = YES;
				CLANG_WARN__DUPLICATE_METHOD_MATCH = YES;
				COPY_PHASE_STRIP = NO;
				DEBUG_INFORMATION_FORMAT = "dwarf-with-dsym";
				ENABLE_NS_ASSERTIONS = NO;
				ENABLE_STRICT_OBJC_MSGSEND = YES;
				GCC_C_LANGUAGE_STANDARD = gnu11;
				GCC_NO_COMMON_BLOCKS = YES;
				GCC_WARN_64_TO_32_BIT_CONVERSION = YES;
				GCC_WARN_ABOUT_RETURN_TYPE = YES_ERROR;
				GCC_WARN_UNDECLARED_SELECTOR = YES;
				GCC_WARN_UNINITIALIZED_AUTOS = YES_AGGRESSIVE;
				GCC_WARN_UNUSED_FUNCTION = YES;
				GCC_WARN_UNUSED_VARIABLE = YES;
				IPHONEOS_DEPLOYMENT_TARGET = 15.5;
				MTL_ENABLE_DEBUG_INFO = NO;
				MTL_FAST_MATH = YES;
				SDKROOT = iphoneos;
				SWIFT_COMPILATION_MODE = wholemodule;
				SWIFT_OPTIMIZATION_LEVEL = "-O";
				VALIDATE_PRODUCT = YES;
			};
			name = Release;
		};
		5D5545B128D5FE6E00BB1C82 /* Debug */ = {
			isa = XCBuildConfiguration;
			buildSettings = {
				ASSETCATALOG_COMPILER_APPICON_NAME = AppIcon;
				ASSETCATALOG_COMPILER_GLOBAL_ACCENT_COLOR_NAME = AccentColor;
				CODE_SIGN_STYLE = Automatic;
				CURRENT_PROJECT_VERSION = 1;
				DEVELOPMENT_TEAM = XP8M87ULF2;
				GENERATE_INFOPLIST_FILE = YES;
				INFOPLIST_FILE = MyPokemonMVP/Info.plist;
				INFOPLIST_KEY_UIApplicationSupportsIndirectInputEvents = YES;
				INFOPLIST_KEY_UILaunchStoryboardName = LaunchScreen;
				INFOPLIST_KEY_UIMainStoryboardFile = Main;
				INFOPLIST_KEY_UISupportedInterfaceOrientations_iPad = "UIInterfaceOrientationPortrait UIInterfaceOrientationPortraitUpsideDown UIInterfaceOrientationLandscapeLeft UIInterfaceOrientationLandscapeRight";
				INFOPLIST_KEY_UISupportedInterfaceOrientations_iPhone = "UIInterfaceOrientationPortrait UIInterfaceOrientationLandscapeLeft UIInterfaceOrientationLandscapeRight";
				LD_RUNPATH_SEARCH_PATHS = (
					"$(inherited)",
					"@executable_path/Frameworks",
				);
				MARKETING_VERSION = 1.0;
				PRODUCT_BUNDLE_IDENTIFIER = com.shohiiiiiii.MyPokemonMVP;
				PRODUCT_NAME = "$(TARGET_NAME)";
				SWIFT_EMIT_LOC_STRINGS = YES;
				SWIFT_VERSION = 5.0;
				TARGETED_DEVICE_FAMILY = "1,2";
			};
			name = Debug;
		};
		5D5545B228D5FE6E00BB1C82 /* Release */ = {
			isa = XCBuildConfiguration;
			buildSettings = {
				ASSETCATALOG_COMPILER_APPICON_NAME = AppIcon;
				ASSETCATALOG_COMPILER_GLOBAL_ACCENT_COLOR_NAME = AccentColor;
				CODE_SIGN_STYLE = Automatic;
				CURRENT_PROJECT_VERSION = 1;
				DEVELOPMENT_TEAM = XP8M87ULF2;
				GENERATE_INFOPLIST_FILE = YES;
				INFOPLIST_FILE = MyPokemonMVP/Info.plist;
				INFOPLIST_KEY_UIApplicationSupportsIndirectInputEvents = YES;
				INFOPLIST_KEY_UILaunchStoryboardName = LaunchScreen;
				INFOPLIST_KEY_UIMainStoryboardFile = Main;
				INFOPLIST_KEY_UISupportedInterfaceOrientations_iPad = "UIInterfaceOrientationPortrait UIInterfaceOrientationPortraitUpsideDown UIInterfaceOrientationLandscapeLeft UIInterfaceOrientationLandscapeRight";
				INFOPLIST_KEY_UISupportedInterfaceOrientations_iPhone = "UIInterfaceOrientationPortrait UIInterfaceOrientationLandscapeLeft UIInterfaceOrientationLandscapeRight";
				LD_RUNPATH_SEARCH_PATHS = (
					"$(inherited)",
					"@executable_path/Frameworks",
				);
				MARKETING_VERSION = 1.0;
				PRODUCT_BUNDLE_IDENTIFIER = com.shohiiiiiii.MyPokemonMVP;
				PRODUCT_NAME = "$(TARGET_NAME)";
				SWIFT_EMIT_LOC_STRINGS = YES;
				SWIFT_VERSION = 5.0;
				TARGETED_DEVICE_FAMILY = "1,2";
			};
			name = Release;
		};
/* End XCBuildConfiguration section */

/* Begin XCConfigurationList section */
		5D55459728D5FE6C00BB1C82 /* Build configuration list for PBXProject "MyPokemonMVP" */ = {
			isa = XCConfigurationList;
			buildConfigurations = (
				5D5545AE28D5FE6E00BB1C82 /* Debug */,
				5D5545AF28D5FE6E00BB1C82 /* Release */,
			);
			defaultConfigurationIsVisible = 0;
			defaultConfigurationName = Release;
		};
		5D5545B028D5FE6E00BB1C82 /* Build configuration list for PBXNativeTarget "MyPokemonMVP" */ = {
			isa = XCConfigurationList;
			buildConfigurations = (
				5D5545B128D5FE6E00BB1C82 /* Debug */,
				5D5545B228D5FE6E00BB1C82 /* Release */,
			);
			defaultConfigurationIsVisible = 0;
			defaultConfigurationName = Release;
		};
/* End XCConfigurationList section */
	};
	rootObject = 5D55459428D5FE6C00BB1C82 /* Project object */;
}
